
Microsoft Visual Studio Solution File, Format Version 12.00
# Visual Studio Version 16
VisualStudioVersion = 16.0.29409.12
MinimumVisualStudioVersion = 10.0.40219.1
Project("{FAE04EC0-301F-11D3-BF4B-00C04F79EFBC}") = "AgeInSeconds", "AgeInSeconds\AgeInSeconds.csproj", "{DEC7D30C-3C57-4019-8C92-97343CB97063}"
EndProject
Project("{FAE04EC0-301F-11D3-BF4B-00C04F79EFBC}") = "HowToHandleExceptions", "HowToHandleExceptions\HowToHandleExceptions.csproj", "{0D064E26-E9F4-470E-BA31-DC91FF8DE099}"
EndProject
Project("{FAE04EC0-301F-11D3-BF4B-00C04F79EFBC}") = "TrowExceptions", "TrowExceptions\TrowExceptions.csproj", "{1AF69C81-C556-4930-A37E-8049560A3444}"
EndProject
Project("{FAE04EC0-301F-11D3-BF4B-00C04F79EFBC}") = "ThrowRecurssion", "ThrowRecurssion\ThrowRecurssion.csproj", "{2BDE7E8B-63FF-43F9-B4BC-C11C8421D242}"
EndProject
Project("{FAE04EC0-301F-11D3-BF4B-00C04F79EFBC}") = "WorkingWithFile", "WorkingWithFile\WorkingWithFile.csproj", "{87222FAC-6397-425D-A1E2-BDFCF9E81E06}"
EndProject
Global
	GlobalSection(SolutionConfigurationPlatforms) = preSolution
		Debug|Any CPU = Debug|Any CPU
		Release|Any CPU = Release|Any CPU
	EndGlobalSection
	GlobalSection(ProjectConfigurationPlatforms) = postSolution
		{DEC7D30C-3C57-4019-8C92-97343CB97063}.Debug|Any CPU.ActiveCfg = Debug|Any CPU
		{DEC7D30C-3C57-4019-8C92-97343CB97063}.Debug|Any CPU.Build.0 = Debug|Any CPU
		{DEC7D30C-3C57-4019-8C92-97343CB97063}.Release|Any CPU.ActiveCfg = Release|Any CPU
		{DEC7D30C-3C57-4019-8C92-97343CB97063}.Release|Any CPU.Build.0 = Release|Any CPU
		{0D064E26-E9F4-470E-BA31-DC91FF8DE099}.Debug|Any CPU.ActiveCfg = Debug|Any CPU
		{0D064E26-E9F4-470E-BA31-DC91FF8DE099}.Debug|Any CPU.Build.0 = Debug|Any CPU
		{0D064E26-E9F4-470E-BA31-DC91FF8DE099}.Release|Any CPU.ActiveCfg = Release|Any CPU
		{0D064E26-E9F4-470E-BA31-DC91FF8DE099}.Release|Any CPU.Build.0 = Release|Any CPU
		{1AF69C81-C556-4930-A37E-8049560A3444}.Debug|Any CPU.ActiveCfg = Debug|Any CPU
		{1AF69C81-C556-4930-A37E-8049560A3444}.Debug|Any CPU.Build.0 = Debug|Any CPU
		{1AF69C81-C556-4930-A37E-8049560A3444}.Release|Any CPU.ActiveCfg = Release|Any CPU
		{1AF69C81-C556-4930-A37E-8049560A3444}.Release|Any CPU.Build.0 = Release|Any CPU
		{2BDE7E8B-63FF-43F9-B4BC-C11C8421D242}.Debug|Any CPU.ActiveCfg = Debug|Any CPU
		{2BDE7E8B-63FF-43F9-B4BC-C11C8421D242}.Debug|Any CPU.Build.0 = Debug|Any CPU
		{2BDE7E8B-63FF-43F9-B4BC-C11C8421D242}.Release|Any CPU.ActiveCfg = Release|Any CPU
		{2BDE7E8B-63FF-43F9-B4BC-C11C8421D242}.Release|Any CPU.Build.0 = Release|Any CPU
		{87222FAC-6397-425D-A1E2-BDFCF9E81E06}.Debug|Any CPU.ActiveCfg = Debug|Any CPU
		{87222FAC-6397-425D-A1E2-BDFCF9E81E06}.Debug|Any CPU.Build.0 = Debug|Any CPU
		{87222FAC-6397-425D-A1E2-BDFCF9E81E06}.Release|Any CPU.ActiveCfg = Release|Any CPU
		{87222FAC-6397-425D-A1E2-BDFCF9E81E06}.Release|Any CPU.Build.0 = Release|Any CPU
	EndGlobalSection
	GlobalSection(SolutionProperties) = preSolution
		HideSolutionNode = FALSE
	EndGlobalSection
	GlobalSection(ExtensibilityGlobals) = postSolution
		SolutionGuid = {7EEBC061-7493-47F8-9F14-96EC43A75CA8}
	EndGlobalSection
EndGlobal
